
Microsoft Visual Studio Solution File, Format Version 12.00
# Visual Studio Version 17
VisualStudioVersion = 17.3.32901.215
MinimumVisualStudioVersion = 10.0.40219.1
Project("{FAE04EC0-301F-11D3-BF4B-00C04F79EFBC}") = "BlockBusterZ", "BlockBusterZ\BlockBusterZ.csproj", "{7000308A-1C4E-4348-925C-64AC688931AB}"
EndProject
Global
	GlobalSection(SolutionConfigurationPlatforms) = preSolution
		Debug|Any CPU = Debug|Any CPU
		Release|Any CPU = Release|Any CPU
	EndGlobalSection
	GlobalSection(ProjectConfigurationPlatforms) = postSolution
		{7000308A-1C4E-4348-925C-64AC688931AB}.Debug|Any CPU.ActiveCfg = Debug|Any CPU
		{7000308A-1C4E-4348-925C-64AC688931AB}.Debug|Any CPU.Build.0 = Debug|Any CPU
		{7000308A-1C4E-4348-925C-64AC688931AB}.Release|Any CPU.ActiveCfg = Release|Any CPU
		{7000308A-1C4E-4348-925C-64AC688931AB}.Release|Any CPU.Build.0 = Release|Any CPU
	EndGlobalSection
	GlobalSection(SolutionProperties) = preSolution
		HideSolutionNode = FALSE
	EndGlobalSection
	GlobalSection(ExtensibilityGlobals) = postSolution
		SolutionGuid = {84C00E60-0C9D-44FF-A2A0-B98CB686C3B9}
	EndGlobalSection
EndGlobal
